// !$*UTF8*$!
{
	archiveVersion = 1;
	classes = {
	};
	objectVersion = 77;
	objects = {

/* Begin PBXBuildFile section */
		8A8D85CB79EF6FC093151F7F /* ContentView.swift in Sources */ = {isa = PBXBuildFile; fileRef = 9B434A7070C64DCCAECBB6BC /* ContentView.swift */; };
		8C942420CAA8D0632FD3E06E /* LessonActivityAttributes.swift in Sources */ = {isa = PBXBuildFile; fileRef = 50FC4A2051B419DE0FDE788A /* LessonActivityAttributes.swift */; };
		9E91FCA9B8EDBA4E1CC6F268 /* LessonLiveActivity.swift in Sources */ = {isa = PBXBuildFile; fileRef = 15D35BBCA2D40985CDBE8DC0 /* LessonLiveActivity.swift */; };
		D4CCB47690FCD795B6E7976B /* ClassPulseWidget.appex in Embed Foundation Extensions */ = {isa = PBXBuildFile; fileRef = F3B05D9EFA98D57B49B112D8 /* ClassPulseWidget.appex */; settings = {ATTRIBUTES = (RemoveHeadersOnCopy, ); }; };
		D88B7FFEAE7BC88A3522D7EB /* ClassPulseTestApp.swift in Sources */ = {isa = PBXBuildFile; fileRef = 575ADF7CF22618EF1F945EAE /* ClassPulseTestApp.swift */; };
		EBE71B95A52F787C6FBAEE82 /* LessonActivityAttributes.swift in Sources */ = {isa = PBXBuildFile; fileRef = 50FC4A2051B419DE0FDE788A /* LessonActivityAttributes.swift */; };
/* End PBXBuildFile section */

/* Begin PBXContainerItemProxy section */
		F1C6F928FB4F35411D9990F7 /* PBXContainerItemProxy */ = {
			isa = PBXContainerItemProxy;
			containerPortal = 2403311396562CD64D9EF5A1 /* Project object */;
			proxyType = 1;
			remoteGlobalIDString = B2A9C61D7B02F23E7E8C62BF;
			remoteInfo = ClassPulseWidget;
		};
/* End PBXContainerItemProxy section */

/* Begin PBXCopyFilesBuildPhase section */
		8EC4628B4421633B77AA21FC /* Embed Foundation Extensions */ = {
			isa = PBXCopyFilesBuildPhase;
			buildActionMask = 2147483647;
			dstPath = "";
			dstSubfolderSpec = 13;
			files = (
				D4CCB47690FCD795B6E7976B /* ClassPulseWidget.appex in Embed Foundation Extensions */,
			);
			name = "Embed Foundation Extensions";
			runOnlyForDeploymentPostprocessing = 0;
		};
/* End PBXCopyFilesBuildPhase section */

/* Begin PBXFileReference section */
		122F44AC63F84433E88E8DF3 /* Info.plist */ = {isa = PBXFileReference; lastKnownFileType = text.plist; path = Info.plist; sourceTree = "<group>"; };
		15D35BBCA2D40985CDBE8DC0 /* LessonLiveActivity.swift */ = {isa = PBXFileReference; lastKnownFileType = sourcecode.swift; path = LessonLiveActivity.swift; sourceTree = "<group>"; };
		50FC4A2051B419DE0FDE788A /* LessonActivityAttributes.swift */ = {isa = PBXFileReference; lastKnownFileType = sourcecode.swift; path = LessonActivityAttributes.swift; sourceTree = "<group>"; };
		575ADF7CF22618EF1F945EAE /* ClassPulseTestApp.swift */ = {isa = PBXFileReference; lastKnownFileType = sourcecode.swift; path = ClassPulseTestApp.swift; sourceTree = "<group>"; };
		9B434A7070C64DCCAECBB6BC /* ContentView.swift */ = {isa = PBXFileReference; lastKnownFileType = sourcecode.swift; path = ContentView.swift; sourceTree = "<group>"; };
		DECF1AC12962EE88136CD6EF /* ClassPulseTest.app */ = {isa = PBXFileReference; includeInIndex = 0; lastKnownFileType = wrapper.application; path = ClassPulseTest.app; sourceTree = BUILT_PRODUCTS_DIR; };
		F3B05D9EFA98D57B49B112D8 /* ClassPulseWidget.appex */ = {isa = PBXFileReference; includeInIndex = 0; lastKnownFileType = "wrapper.app-extension"; path = ClassPulseWidget.appex; sourceTree = BUILT_PRODUCTS_DIR; };
/* End PBXFileReference section */

/* Begin PBXGroup section */
		38A57D79D8A4F560E831CECF /* App */ = {
			isa = PBXGroup;
			children = (
				575ADF7CF22618EF1F945EAE /* ClassPulseTestApp.swift */,
				9B434A7070C64DCCAECBB6BC /* ContentView.swift */,
			);
			path = App;
			sourceTree = "<group>";
		};
		86E6E293AFD16A01B404D6B3 /* Shared */ = {
			isa = PBXGroup;
			children = (
				50FC4A2051B419DE0FDE788A /* LessonActivityAttributes.swift */,
			);
			path = Shared;
			sourceTree = "<group>";
		};
		9D559FCDDD48977E3792ED47 /* WidgetExtension */ = {
			isa = PBXGroup;
			children = (
				122F44AC63F84433E88E8DF3 /* Info.plist */,
				15D35BBCA2D40985CDBE8DC0 /* LessonLiveActivity.swift */,
			);
			path = WidgetExtension;
			sourceTree = "<group>";
		};
		AACFA3E3D844486E7125060D = {
			isa = PBXGroup;
			children = (
				38A57D79D8A4F560E831CECF /* App */,
				86E6E293AFD16A01B404D6B3 /* Shared */,
				9D559FCDDD48977E3792ED47 /* WidgetExtension */,
				C4112AE08CE72B6677831209 /* Products */,
			);
			sourceTree = "<group>";
		};
		C4112AE08CE72B6677831209 /* Products */ = {
			isa = PBXGroup;
			children = (
				DECF1AC12962EE88136CD6EF /* ClassPulseTest.app */,
				F3B05D9EFA98D57B49B112D8 /* ClassPulseWidget.appex */,
			);
			name = Products;
			sourceTree = "<group>";
		};
/* End PBXGroup section */

/* Begin PBXNativeTarget section */
		9D9FFF70EBD6099EE70DD560 /* ClassPulseTest */ = {
			isa = PBXNativeTarget;
			buildConfigurationList = EFF287DD2F2EBD67DED7563E /* Build configuration list for PBXNativeTarget "ClassPulseTest" */;
			buildPhases = (
				75A39AB9E890907BF1221C79 /* Sources */,
				8EC4628B4421633B77AA21FC /* Embed Foundation Extensions */,
			);
			buildRules = (
			);
			dependencies = (
				2710C42E119E63B3FB2B3BB2 /* PBXTargetDependency */,
			);
			name = ClassPulseTest;
			packageProductDependencies = (
			);
			productName = ClassPulseTest;
			productReference = DECF1AC12962EE88136CD6EF /* ClassPulseTest.app */;
			productType = "com.apple.product-type.application";
		};
		B2A9C61D7B02F23E7E8C62BF /* ClassPulseWidget */ = {
			isa = PBXNativeTarget;
			buildConfigurationList = 422CC09BC8AEF719EA81FB0F /* Build configuration list for PBXNativeTarget "ClassPulseWidget" */;
			buildPhases = (
				7362109A46EFCEA8B57AF774 /* Sources */,
			);
			buildRules = (
			);
			dependencies = (
			);
			name = ClassPulseWidget;
			packageProductDependencies = (
			);
			productName = ClassPulseWidget;
			productReference = F3B05D9EFA98D57B49B112D8 /* ClassPulseWidget.appex */;
			productType = "com.apple.product-type.app-extension";
		};
/* End PBXNativeTarget section */

/* Begin PBXProject section */
		2403311396562CD64D9EF5A1 /* Project object */ = {
			isa = PBXProject;
			attributes = {
				BuildIndependentTargetsInParallel = YES;
				LastUpgradeCheck = 2600;
				TargetAttributes = {
				};
			};
			buildConfigurationList = 2820725A2A068F544F5BC514 /* Build configuration list for PBXProject "ClassPulseTest" */;
			developmentRegion = en;
			hasScannedForEncodings = 0;
			knownRegions = (
				Base,
				en,
			);
			mainGroup = AACFA3E3D844486E7125060D;
			minimizedProjectReferenceProxies = 1;
			preferredProjectObjectVersion = 77;
			productRefGroup = C4112AE08CE72B6677831209 /* Products */;
			projectDirPath = "";
			projectRoot = "";
			targets = (
				9D9FFF70EBD6099EE70DD560 /* ClassPulseTest */,
				B2A9C61D7B02F23E7E8C62BF /* ClassPulseWidget */,
			);
		};
/* End PBXProject section */

/* Begin PBXSourcesBuildPhase section */
		7362109A46EFCEA8B57AF774 /* Sources */ = {
			isa = PBXSourcesBuildPhase;
			buildActionMask = 2147483647;
			files = (
				EBE71B95A52F787C6FBAEE82 /* LessonActivityAttributes.swift in Sources */,
				9E91FCA9B8EDBA4E1CC6F268 /* LessonLiveActivity.swift in Sources */,
			);
			runOnlyForDeploymentPostprocessing = 0;
		};
		75A39AB9E890907BF1221C79 /* Sources */ = {
			isa = PBXSourcesBuildPhase;
			buildActionMask = 2147483647;
			files = (
				D88B7FFEAE7BC88A3522D7EB /* ClassPulseTestApp.swift in Sources */,
				8A8D85CB79EF6FC093151F7F /* ContentView.swift in Sources */,
				8C942420CAA8D0632FD3E06E /* LessonActivityAttributes.swift in Sources */,
			);
			runOnlyForDeploymentPostprocessing = 0;
		};
/* End PBXSourcesBuildPhase section */

/* Begin PBXTargetDependency section */
		2710C42E119E63B3FB2B3BB2 /* PBXTargetDependency */ = {
			isa = PBXTargetDependency;
			target = B2A9C61D7B02F23E7E8C62BF /* ClassPulseWidget */;
			targetProxy = F1C6F928FB4F35411D9990F7 /* PBXContainerItemProxy */;
		};
/* End PBXTargetDependency section */

/* Begin XCBuildConfiguration section */
		4496FF8E688E3F6A38BE47F1 /* Release */ = {
			isa = XCBuildConfiguration;
			buildSettings = {
				ASSETCATALOG_COMPILER_APPICON_NAME = AppIcon;
				CODE_SIGN_IDENTITY = "iPhone Developer";
				GENERATE_INFOPLIST_FILE = YES;
				INFOPLIST_KEY_CFBundleDisplayName = "Class Pulse";
				INFOPLIST_KEY_NSSupportsLiveActivities = YES;
				INFOPLIST_KEY_UIApplicationSceneManifest_Generation = YES;
				INFOPLIST_KEY_UILaunchScreen_Generation = YES;
				LD_RUNPATH_SEARCH_PATHS = (
					"$(inherited)",
					"@executable_path/Frameworks",
				);
				PRODUCT_BUNDLE_IDENTIFIER = com.glongq.ClassPulseTest;
				SDKROOT = iphoneos;
				TARGETED_DEVICE_FAMILY = "1,2";
			};
			name = Release;
		};
		6E8DB7B1E93DEE80276F5A16 /* Debug */ = {
			isa = XCBuildConfiguration;
			buildSettings = {
				ASSETCATALOG_COMPILER_APPICON_NAME = AppIcon;
				CODE_SIGN_IDENTITY = "iPhone Developer";
				GENERATE_INFOPLIST_FILE = YES;
				INFOPLIST_KEY_CFBundleDisplayName = "Class Pulse";
				INFOPLIST_KEY_NSSupportsLiveActivities = YES;
				INFOPLIST_KEY_UIApplicationSceneManifest_Generation = YES;
				INFOPLIST_KEY_UILaunchScreen_Generation = YES;
				LD_RUNPATH_SEARCH_PATHS = (
					"$(inherited)",
					"@executable_path/Frameworks",
				);
				PRODUCT_BUNDLE_IDENTIFIER = com.glongq.ClassPulseTest;
				SDKROOT = iphoneos;
				TARGETED_DEVICE_FAMILY = "1,2";
			};
			name = Debug;
		};
		7EE7BB4BF991726573560CFC /* Release */ = {
			isa = XCBuildConfiguration;
			buildSettings = {
				INFOPLIST_FILE = WidgetExtension/Info.plist;
				LD_RUNPATH_SEARCH_PATHS = (
					"$(inherited)",
					"@executable_path/Frameworks",
					"@executable_path/../../Frameworks",
				);
				PRODUCT_BUNDLE_IDENTIFIER = com.glongq.ClassPulseTest.Widget;
				SDKROOT = iphoneos;
				SKIP_INSTALL = YES;
				TARGETED_DEVICE_FAMILY = "1,2";
			};
			name = Release;
		};
		8AA95E220673AA6B27CB8703 /* Release */ = {
			isa = XCBuildConfiguration;
			buildSettings = {
				ALWAYS_SEARCH_USER_PATHS = NO;
				CLANG_ANALYZER_NONNULL = YES;
				CLANG_ANALYZER_NUMBER_OBJECT_CONVERSION = YES_AGGRESSIVE;
				CLANG_CXX_LANGUAGE_STANDARD = "gnu++14";
				CLANG_CXX_LIBRARY = "libc++";
				CLANG_ENABLE_MODULES = YES;
				CLANG_ENABLE_OBJC_ARC = YES;
				CLANG_ENABLE_OBJC_WEAK = YES;
				CLANG_WARN_BLOCK_CAPTURE_AUTORELEASING = YES;
				CLANG_WARN_BOOL_CONVERSION = YES;
				CLANG_WARN_COMMA = YES;
				CLANG_WARN_CONSTANT_CONVERSION = YES;
				CLANG_WARN_DEPRECATED_OBJC_IMPLEMENTATIONS = YES;
				CLANG_WARN_DIRECT_OBJC_ISA_USAGE = YES_ERROR;
				CLANG_WARN_DOCUMENTATION_COMMENTS = YES;
				CLANG_WARN_EMPTY_BODY = YES;
				CLANG_WARN_ENUM_CONVERSION = YES;
				CLANG_WARN_INFINITE_RECURSION = YES;
				CLANG_WARN_INT_CONVERSION = YES;
				CLANG_WARN_NON_LITERAL_NULL_CONVERSION = YES;
				CLANG_WARN_OBJC_IMPLICIT_RETAIN_SELF = YES;
				CLANG_WARN_OBJC_LITERAL_CONVERSION = YES;
				CLANG_WARN_OBJC_ROOT_CLASS = YES_ERROR;
				CLANG_WARN_QUOTED_INCLUDE_IN_FRAMEWORK_HEADER = YES;
				CLANG_WARN_RANGE_LOOP_ANALYSIS = YES;
				CLANG_WARN_STRICT_PROTOTYPES = YES;
				CLANG_WARN_SUSPICIOUS_MOVE = YES;
				CLANG_WARN_UNGUARDED_AVAILABILITY = YES_AGGRESSIVE;
				CLANG_WARN_UNREACHABLE_CODE = YES;
				CLANG_WARN__DUPLICATE_METHOD_MATCH = YES;
				COPY_PHASE_STRIP = NO;
				CURRENT_PROJECT_VERSION = 2;
				DEBUG_INFORMATION_FORMAT = "dwarf-with-dsym";
				ENABLE_NS_ASSERTIONS = NO;
				ENABLE_STRICT_OBJC_MSGSEND = YES;
				GCC_C_LANGUAGE_STANDARD = gnu11;
				GCC_NO_COMMON_BLOCKS = YES;
				GCC_WARN_64_TO_32_BIT_CONVERSION = YES;
				GCC_WARN_ABOUT_RETURN_TYPE = YES_ERROR;
				GCC_WARN_UNDECLARED_SELECTOR = YES;
				GCC_WARN_UNINITIALIZED_AUTOS = YES_AGGRESSIVE;
				GCC_WARN_UNUSED_FUNCTION = YES;
				GCC_WARN_UNUSED_VARIABLE = YES;
				IPHONEOS_DEPLOYMENT_TARGET = 17.0;
				MARKETING_VERSION = 0.1.1;
				MTL_ENABLE_DEBUG_INFO = NO;
				MTL_FAST_MATH = YES;
				PRODUCT_NAME = "$(TARGET_NAME)";
				SDKROOT = iphoneos;
				SWIFT_COMPILATION_MODE = wholemodule;
				SWIFT_OPTIMIZATION_LEVEL = "-O";
				SWIFT_VERSION = 5.10;
			};
			name = Release;
		};
		968A857CD3FC4F567CFAC1EA /* Debug */ = {
			isa = XCBuildConfiguration;
			buildSettings = {
				INFOPLIST_FILE = WidgetExtension/Info.plist;
				LD_RUNPATH_SEARCH_PATHS = (
					"$(inherited)",
					"@executable_path/Frameworks",
					"@executable_path/../../Frameworks",
				);
				PRODUCT_BUNDLE_IDENTIFIER = com.glongq.ClassPulseTest.Widget;
				SDKROOT = iphoneos;
				SKIP_INSTALL = YES;
				TARGETED_DEVICE_FAMILY = "1,2";
			};
			name = Debug;
		};
		F1E92771C11A2CA5C52CCCFD /* Debug */ = {
			isa = XCBuildConfiguration;
			buildSettings = {
				ALWAYS_SEARCH_USER_PATHS = NO;
				CLANG_ANALYZER_NONNULL = YES;
				CLANG_ANALYZER_NUMBER_OBJECT_CONVERSION = YES_AGGRESSIVE;
				CLANG_CXX_LANGUAGE_STANDARD = "gnu++14";
				CLANG_CXX_LIBRARY = "libc++";
				CLANG_ENABLE_MODULES = YES;
				CLANG_ENABLE_OBJC_ARC = YES;
				CLANG_ENABLE_OBJC_WEAK = YES;
				CLANG_WARN_BLOCK_CAPTURE_AUTORELEASING = YES;
				CLANG_WARN_BOOL_CONVERSION = YES;
				CLANG_WARN_COMMA = YES;
				CLANG_WARN_CONSTANT_CONVERSION = YES;
				CLANG_WARN_DEPRECATED_OBJC_IMPLEMENTATIONS = YES;
				CLANG_WARN_DIRECT_OBJC_ISA_USAGE = YES_ERROR;
				CLANG_WARN_DOCUMENTATION_COMMENTS = YES;
				CLANG_WARN_EMPTY_BODY = YES;
				CLANG_WARN_ENUM_CONVERSION = YES;
				CLANG_WARN_INFINITE_RECURSION = YES;
				CLANG_WARN_INT_CONVERSION = YES;
				CLANG_WARN_NON_LITERAL_NULL_CONVERSION = YES;
				CLANG_WARN_OBJC_IMPLICIT_RETAIN_SELF = YES;
				CLANG_WARN_OBJC_LITERAL_CONVERSION = YES;
				CLANG_WARN_OBJC_ROOT_CLASS = YES_ERROR;
				CLANG_WARN_QUOTED_INCLUDE_IN_FRAMEWORK_HEADER = YES;
				CLANG_WARN_RANGE_LOOP_ANALYSIS = YES;
				CLANG_WARN_STRICT_PROTOTYPES = YES;
				CLANG_WARN_SUSPICIOUS_MOVE = YES;
				CLANG_WARN_UNGUARDED_AVAILABILITY = YES_AGGRESSIVE;
				CLANG_WARN_UNREACHABLE_CODE = YES;
				CLANG_WARN__DUPLICATE_METHOD_MATCH = YES;
				COPY_PHASE_STRIP = NO;
				CURRENT_PROJECT_VERSION = 2;
				DEBUG_INFORMATION_FORMAT = dwarf;
				ENABLE_STRICT_OBJC_MSGSEND = YES;
				ENABLE_TESTABILITY = YES;
				GCC_C_LANGUAGE_STANDARD = gnu11;
				GCC_DYNAMIC_NO_PIC = NO;
				GCC_NO_COMMON_BLOCKS = YES;
				GCC_OPTIMIZATION_LEVEL = 0;
				GCC_PREPROCESSOR_DEFINITIONS = (
					"$(inherited)",
					"DEBUG=1",
				);
				GCC_WARN_64_TO_32_BIT_CONVERSION = YES;
				GCC_WARN_ABOUT_RETURN_TYPE = YES_ERROR;
				GCC_WARN_UNDECLARED_SELECTOR = YES;
				GCC_WARN_UNINITIALIZED_AUTOS = YES_AGGRESSIVE;
				GCC_WARN_UNUSED_FUNCTION = YES;
				GCC_WARN_UNUSED_VARIABLE = YES;
				IPHONEOS_DEPLOYMENT_TARGET = 17.0;
				MARKETING_VERSION = 0.1.1;
				MTL_ENABLE_DEBUG_INFO = INCLUDE_SOURCE;
				MTL_FAST_MATH = YES;
				ONLY_ACTIVE_ARCH = YES;
				PRODUCT_NAME = "$(TARGET_NAME)";
				SDKROOT = iphoneos;
				SWIFT_ACTIVE_COMPILATION_CONDITIONS = DEBUG;
				SWIFT_OPTIMIZATION_LEVEL = "-Onone";
				SWIFT_VERSION = 5.10;
			};
			name = Debug;
		};
/* End XCBuildConfiguration section */

/* Begin XCConfigurationList section */
		2820725A2A068F544F5BC514 /* Build configuration list for PBXProject "ClassPulseTest" */ = {
			isa = XCConfigurationList;
			buildConfigurations = (
				F1E92771C11A2CA5C52CCCFD /* Debug */,
				8AA95E220673AA6B27CB8703 /* Release */,
			);
			defaultConfigurationIsVisible = 0;
			defaultConfigurationName = Debug;
		};
		422CC09BC8AEF719EA81FB0F /* Build configuration list for PBXNativeTarget "ClassPulseWidget" */ = {
			isa = XCConfigurationList;
			buildConfigurations = (
				968A857CD3FC4F567CFAC1EA /* Debug */,
				7EE7BB4BF991726573560CFC /* Release */,
			);
			defaultConfigurationIsVisible = 0;
			defaultConfigurationName = Debug;
		};
		EFF287DD2F2EBD67DED7563E /* Build configuration list for PBXNativeTarget "ClassPulseTest" */ = {
			isa = XCConfigurationList;
			buildConfigurations = (
				6E8DB7B1E93DEE80276F5A16 /* Debug */,
				4496FF8E688E3F6A38BE47F1 /* Release */,
			);
			defaultConfigurationIsVisible = 0;
			defaultConfigurationName = Debug;
		};
/* End XCConfigurationList section */
	};
	rootObject = 2403311396562CD64D9EF5A1 /* Project object */;
}
